{
  "object": {
    "pins": [
      {
        "package": "Mapbox",
        "repositoryURL": "git@github.com:skelpo/Mapbox.git",
        "state": {
          "branch": "main",
          "revision": "6558381022dce5c841faaaf8bc9f314500d5a260",
          "version": null
        }
      },
      {
        "package": "MapboxDirections",
        "repositoryURL": "https://github.com/mapbox/mapbox-directions-swift.git",
        "state": {
          "branch": null,
          "revision": "89dc4f4ccae10813142f2c92f027e43e025d696b",
          "version": "0.33.2"
        }
      },
      {
        "package": "MapboxSpeech",
        "repositoryURL": "https://github.com/mapbox/mapbox-speech-swift.git",
        "state": {
          "branch": null,
          "revision": "b51da8dda1e1b6c5d7ff3d2914f7ebf41c721f7b",
          "version": "0.3.1"
        }
      },
      {
        "package": "MapboxAccounts",
        "repositoryURL": "git@github.com:skelpo/MapboxAccounts.git",
        "state": {
          "branch": "main",
          "revision": "08609abd17e7b627f6fed7999a9f3e465816ec61",
          "version": null
        }
      },
      {
        "package": "MapboxNavigationNative",
        "repositoryURL": "git@github.com:skelpo/MapboxNativeNavigation.git",
        "state": {
          "branch": "main",
          "revision": "5cf2c8cbbb8f4deba8b96094770ee48b0da59e5c",
          "version": null
        }
      },
      {
        "package": "Polyline",
        "repositoryURL": "https://github.com/raphaelmor/Polyline.git",
        "state": {
          "branch": null,
          "revision": "011fbc1b0f27a3398bd0fb7c5e2cf5c62ae82717",
          "version": "4.2.1"
        }
      },
      {
        "package": "Solar",
        "repositoryURL": "https://github.com/skelpo/Solar.git",
        "state": {
          "branch": "master",
          "revision": "64ccc2224cc02fd3921483c823feccf36c0c4141",
          "version": null
        }
      },
      {
        "package": "Turf",
        "repositoryURL": "https://github.com/mapbox/turf-swift.git",
        "state": {
          "branch": null,
          "revision": "985b4bdb7256c2f8adad10353b3338a466391469",
          "version": "0.5.0"
        }
      }
    ]
  },
  "version": 1
}
