{
  "object": {
    "pins": [
      {
        "package": "Mapbox",
        "repositoryURL": "git@github.com:skelpo/Mapbox.git",
        "state": {
          "branch": "main",
          "revision": "32da8ad4e5b879b5a655e5005efdab6cd841b716",
          "version": null
        }
      },
      {
        "package": "MapboxDirections",
        "repositoryURL": "https://github.com/mapbox/mapbox-directions-swift.git",
        "state": {
          "branch": null,
          "revision": "14543e919fe3f965925dff8b3814dbc27462e7c3",
          "version": "1.0.0"
        }
      },
      {
        "package": "MapboxMobileEvents",
        "repositoryURL": "https://github.com/mapbox/mapbox-events-ios.git",
        "state": {
          "branch": null,
          "revision": "cc8bf0ced64bffbff0d31499f20e48e252ff80cb",
          "version": "0.10.5"
        }
      },
      {
        "package": "MapboxSpeech",
        "repositoryURL": "https://github.com/mapbox/mapbox-speech-swift.git",
        "state": {
          "branch": null,
          "revision": "aadf7ee8d71ba3ee2159df7b438793c8c5834400",
          "version": "1.0.0"
        }
      },
      {
        "package": "MapboxAccounts",
        "repositoryURL": "git@github.com:skelpo/MapboxAccounts.git",
        "state": {
          "branch": "main",
          "revision": "88d007bf0aec82cccc6d83d38644691e0a7bce30",
          "version": null
        }
      },
      {
        "package": "MapboxNavigationNative",
        "repositoryURL": "git@github.com:skelpo/MapboxNativeNavigation.git",
        "state": {
          "branch": "main",
          "revision": "d7b9cf8118237479b1b36366b7621e2fc31f9820",
          "version": null
        }
      },
      {
        "package": "Polyline",
        "repositoryURL": "https://github.com/raphaelmor/Polyline.git",
        "state": {
          "branch": null,
          "revision": "011fbc1b0f27a3398bd0fb7c5e2cf5c62ae82717",
          "version": "4.2.1"
        }
      },
      {
        "package": "Solar",
        "repositoryURL": "https://github.com/skelpo/Solar.git",
        "state": {
          "branch": "master",
          "revision": "64ccc2224cc02fd3921483c823feccf36c0c4141",
          "version": null
        }
      },
      {
        "package": "Turf",
        "repositoryURL": "https://github.com/mapbox/turf-swift.git",
        "state": {
          "branch": null,
          "revision": "19d184102927cfc6dba49647850c6fd3e1f5f336",
          "version": "1.0.0"
        }
      }
    ]
  },
  "version": 1
}
