{
  "object": {
    "pins": [
      {
        "package": "Mapbox",
        "repositoryURL": "git@github.com:skelpo/Mapbox.git",
        "state": {
          "branch": "main",
          "revision": "6558381022dce5c841faaaf8bc9f314500d5a260",
          "version": null
        }
      },
      {
        "package": "MapboxDirections",
        "repositoryURL": "https://github.com/mapbox/mapbox-directions-swift.git",
        "state": {
          "branch": null,
          "revision": "14543e919fe3f965925dff8b3814dbc27462e7c3",
          "version": "1.0.0"
        }
      },
      {
        "package": "MapboxSpeech",
        "repositoryURL": "https://github.com/mapbox/mapbox-speech-swift.git",
        "state": {
          "branch": null,
          "revision": "aadf7ee8d71ba3ee2159df7b438793c8c5834400",
          "version": "1.0.0"
        }
      },
      {
        "package": "MapboxAccounts",
        "repositoryURL": "git@github.com:skelpo/MapboxAccounts.git",
        "state": {
          "branch": "main",
          "revision": "08609abd17e7b627f6fed7999a9f3e465816ec61",
          "version": null
        }
      },
      {
        "package": "MapboxCommon",
        "repositoryURL": "git@github.com:skelpo/MapboxCommon.git",
        "state": {
          "branch": "main",
          "revision": "eb558ef702d79a87347afb228dbfebc34f7fd5fe",
          "version": null
        }
      },
      {
        "package": "MapboxNavigationNative",
        "repositoryURL": "git@github.com:skelpo/MapboxNativeNavigation.git",
        "state": {
          "branch": "main",
          "revision": "29e009507f9a0f795e1bdf930cc544d91a9c1dea",
          "version": null
        }
      },
      {
        "package": "Polyline",
        "repositoryURL": "https://github.com/raphaelmor/Polyline.git",
        "state": {
          "branch": null,
          "revision": "011fbc1b0f27a3398bd0fb7c5e2cf5c62ae82717",
          "version": "4.2.1"
        }
      },
      {
        "package": "Solar",
        "repositoryURL": "https://github.com/skelpo/Solar.git",
        "state": {
          "branch": "master",
          "revision": "64ccc2224cc02fd3921483c823feccf36c0c4141",
          "version": null
        }
      },
      {
        "package": "Turf",
        "repositoryURL": "https://github.com/mapbox/turf-swift.git",
        "state": {
          "branch": null,
          "revision": "19d184102927cfc6dba49647850c6fd3e1f5f336",
          "version": "1.0.0"
        }
      }
    ]
  },
  "version": 1
}
